
Microsoft Visual Studio Solution File, Format Version 12.00
# Visual Studio 15
VisualStudioVersion = 15.0.27428.2005
MinimumVisualStudioVersion = 10.0.40219.1
Project("{FAE04EC0-301F-11D3-BF4B-00C04F79EFBC}") = "HotelSimulationSE5", "HotelSimulationSE5\HotelSimulationSE5.csproj", "{97E50A69-30DC-41F7-80BD-C7A03805CE05}"
EndProject
Project("{FAE04EC0-301F-11D3-BF4B-00C04F79EFBC}") = "HotelSimulationSE5.test", "UnitTestProject1\HotelSimulationSE5.test.csproj", "{DD2E4572-7C2B-4280-A1DA-97F0A70D6E21}"
EndProject
Global
	GlobalSection(SolutionConfigurationPlatforms) = preSolution
		Debug|Any CPU = Debug|Any CPU
		Release|Any CPU = Release|Any CPU
	EndGlobalSection
	GlobalSection(ProjectConfigurationPlatforms) = postSolution
		{97E50A69-30DC-41F7-80BD-C7A03805CE05}.Debug|Any CPU.ActiveCfg = Debug|Any CPU
		{97E50A69-30DC-41F7-80BD-C7A03805CE05}.Debug|Any CPU.Build.0 = Debug|Any CPU
		{97E50A69-30DC-41F7-80BD-C7A03805CE05}.Release|Any CPU.ActiveCfg = Release|Any CPU
		{97E50A69-30DC-41F7-80BD-C7A03805CE05}.Release|Any CPU.Build.0 = Release|Any CPU
		{DD2E4572-7C2B-4280-A1DA-97F0A70D6E21}.Debug|Any CPU.ActiveCfg = Debug|Any CPU
		{DD2E4572-7C2B-4280-A1DA-97F0A70D6E21}.Debug|Any CPU.Build.0 = Debug|Any CPU
		{DD2E4572-7C2B-4280-A1DA-97F0A70D6E21}.Release|Any CPU.ActiveCfg = Release|Any CPU
		{DD2E4572-7C2B-4280-A1DA-97F0A70D6E21}.Release|Any CPU.Build.0 = Release|Any CPU
	EndGlobalSection
	GlobalSection(SolutionProperties) = preSolution
		HideSolutionNode = FALSE
	EndGlobalSection
	GlobalSection(ExtensibilityGlobals) = postSolution
		SolutionGuid = {A0087CCB-1FA1-45F5-939F-3B43605926F6}
	EndGlobalSection
EndGlobal
